
Microsoft Visual Studio Solution File, Format Version 12.00
# Visual Studio Version 16
VisualStudioVersion = 16.0.30517.126
MinimumVisualStudioVersion = 10.0.40219.1
Project("{FAE04EC0-301F-11D3-BF4B-00C04F79EFBC}") = "DemoCoreApi", "DemoCoreApi\DemoCoreApi.csproj", "{425D9CA4-DD21-4153-9946-8CC9A339219C}"
EndProject
Global
	GlobalSection(SolutionConfigurationPlatforms) = preSolution
		Debug|Any CPU = Debug|Any CPU
		Release|Any CPU = Release|Any CPU
	EndGlobalSection
	GlobalSection(ProjectConfigurationPlatforms) = postSolution
		{425D9CA4-DD21-4153-9946-8CC9A339219C}.Debug|Any CPU.ActiveCfg = Debug|Any CPU
		{425D9CA4-DD21-4153-9946-8CC9A339219C}.Debug|Any CPU.Build.0 = Debug|Any CPU
		{425D9CA4-DD21-4153-9946-8CC9A339219C}.Release|Any CPU.ActiveCfg = Release|Any CPU
		{425D9CA4-DD21-4153-9946-8CC9A339219C}.Release|Any CPU.Build.0 = Release|Any CPU
	EndGlobalSection
	GlobalSection(SolutionProperties) = preSolution
		HideSolutionNode = FALSE
	EndGlobalSection
	GlobalSection(ExtensibilityGlobals) = postSolution
		SolutionGuid = {35FB694F-BF2F-4F7B-B9D4-E06C863E51CD}
	EndGlobalSection
EndGlobal
